
Microsoft Visual Studio Solution File, Format Version 12.00
Project("{2150E333-8FDC-42A3-9474-1A3956D46DE8}") = "SolutionFolder", "SolutionFolder", "{DD4794F9-020D-4F41-A0CC-B33C8BAB013E}"
	ProjectSection(SolutionItems) = preProject
		README.md = README.md
		.github\workflows\build.yml = .github\workflows\build.yml
		.github\workflows\publish.yml = .github\workflows\publish.yml
		.gitignore = .gitignore
	EndProjectSection
EndProject
Project("{FAE04EC0-301F-11D3-BF4B-00C04F79EFBC}") = "CdIts.OtdrReader", "CdIts.OtdrReader\CdIts.OtdrReader.csproj", "{05990290-B8EA-4AED-92F7-2401D79EAD75}"
EndProject
Project("{FAE04EC0-301F-11D3-BF4B-00C04F79EFBC}") = "CdIts.OtdrWriter", "CdIts.OtdrWriter\CdIts.OtdrWriter.csproj", "{1463457A-4ADB-4CE1-98CC-FAFB67EDA239}"
EndProject
Project("{FAE04EC0-301F-11D3-BF4B-00C04F79EFBC}") = "OtdrTests", "OtdrTests\OtdrTests.csproj", "{52B17329-486B-41D4-944E-8F4F2B0DB72D}"
EndProject
Global
	GlobalSection(SolutionConfigurationPlatforms) = preSolution
		Debug|Any CPU = Debug|Any CPU
		Release|Any CPU = Release|Any CPU
	EndGlobalSection
	GlobalSection(ProjectConfigurationPlatforms) = postSolution
		{05990290-B8EA-4AED-92F7-2401D79EAD75}.Debug|Any CPU.ActiveCfg = Debug|Any CPU
		{05990290-B8EA-4AED-92F7-2401D79EAD75}.Debug|Any CPU.Build.0 = Debug|Any CPU
		{05990290-B8EA-4AED-92F7-2401D79EAD75}.Release|Any CPU.ActiveCfg = Release|Any CPU
		{05990290-B8EA-4AED-92F7-2401D79EAD75}.Release|Any CPU.Build.0 = Release|Any CPU
		{1463457A-4ADB-4CE1-98CC-FAFB67EDA239}.Debug|Any CPU.ActiveCfg = Debug|Any CPU
		{1463457A-4ADB-4CE1-98CC-FAFB67EDA239}.Debug|Any CPU.Build.0 = Debug|Any CPU
		{1463457A-4ADB-4CE1-98CC-FAFB67EDA239}.Release|Any CPU.ActiveCfg = Release|Any CPU
		{1463457A-4ADB-4CE1-98CC-FAFB67EDA239}.Release|Any CPU.Build.0 = Release|Any CPU
		{52B17329-486B-41D4-944E-8F4F2B0DB72D}.Debug|Any CPU.ActiveCfg = Debug|Any CPU
		{52B17329-486B-41D4-944E-8F4F2B0DB72D}.Debug|Any CPU.Build.0 = Debug|Any CPU
		{52B17329-486B-41D4-944E-8F4F2B0DB72D}.Release|Any CPU.ActiveCfg = Release|Any CPU
		{52B17329-486B-41D4-944E-8F4F2B0DB72D}.Release|Any CPU.Build.0 = Release|Any CPU
	EndGlobalSection
EndGlobal
